
Microsoft Visual Studio Solution File, Format Version 12.00
# Visual Studio 15
Project("{FAE04EC0-301F-11D3-BF4B-00C04F79EFBC}") = "Assignment3.Android", "Assignment3.Android\Assignment3.Android.csproj", "{DC63501D-9167-44B0-AA0C-89BCE67C0D6A}"
EndProject
Project("{FAE04EC0-301F-11D3-BF4B-00C04F79EFBC}") = "Assignment3.iOS", "Assignment3.iOS\Assignment3.iOS.csproj", "{D7F9011F-C629-4C38-A471-86EA75A2E2FA}"
EndProject
Project("{FAE04EC0-301F-11D3-BF4B-00C04F79EFBC}") = "Assignment3", "Assignment3\Assignment3.csproj", "{2911BB2C-9594-4C82-B008-43296BFF1FF7}"
EndProject
Project("{FAE04EC0-301F-11D3-BF4B-00C04F79EFBC}") = "Assignment3Core", "Assignment3Core\Assignment3Core.csproj", "{14606831-1E7D-4322-8054-DA7792B51FFB}"
EndProject
Global
	GlobalSection(SolutionConfigurationPlatforms) = preSolution
		Debug|Any CPU = Debug|Any CPU
		Release|Any CPU = Release|Any CPU
		Debug|iPhoneSimulator = Debug|iPhoneSimulator
		Release|iPhoneSimulator = Release|iPhoneSimulator
		Debug|iPhone = Debug|iPhone
		Release|iPhone = Release|iPhone
	EndGlobalSection
	GlobalSection(ProjectConfigurationPlatforms) = postSolution
		{DC63501D-9167-44B0-AA0C-89BCE67C0D6A}.Debug|Any CPU.ActiveCfg = Debug|Any CPU
		{DC63501D-9167-44B0-AA0C-89BCE67C0D6A}.Debug|Any CPU.Build.0 = Debug|Any CPU
		{DC63501D-9167-44B0-AA0C-89BCE67C0D6A}.Release|Any CPU.ActiveCfg = Release|Any CPU
		{DC63501D-9167-44B0-AA0C-89BCE67C0D6A}.Release|Any CPU.Build.0 = Release|Any CPU
		{DC63501D-9167-44B0-AA0C-89BCE67C0D6A}.Debug|iPhoneSimulator.ActiveCfg = Debug|Any CPU
		{DC63501D-9167-44B0-AA0C-89BCE67C0D6A}.Debug|iPhoneSimulator.Build.0 = Debug|Any CPU
		{DC63501D-9167-44B0-AA0C-89BCE67C0D6A}.Release|iPhoneSimulator.ActiveCfg = Release|Any CPU
		{DC63501D-9167-44B0-AA0C-89BCE67C0D6A}.Release|iPhoneSimulator.Build.0 = Release|Any CPU
		{DC63501D-9167-44B0-AA0C-89BCE67C0D6A}.Debug|iPhone.ActiveCfg = Debug|Any CPU
		{DC63501D-9167-44B0-AA0C-89BCE67C0D6A}.Debug|iPhone.Build.0 = Debug|Any CPU
		{DC63501D-9167-44B0-AA0C-89BCE67C0D6A}.Release|iPhone.ActiveCfg = Release|Any CPU
		{DC63501D-9167-44B0-AA0C-89BCE67C0D6A}.Release|iPhone.Build.0 = Release|Any CPU
		{D7F9011F-C629-4C38-A471-86EA75A2E2FA}.Debug|Any CPU.ActiveCfg = Debug|iPhoneSimulator
		{D7F9011F-C629-4C38-A471-86EA75A2E2FA}.Debug|Any CPU.Build.0 = Debug|iPhoneSimulator
		{D7F9011F-C629-4C38-A471-86EA75A2E2FA}.Release|Any CPU.ActiveCfg = Release|iPhoneSimulator
		{D7F9011F-C629-4C38-A471-86EA75A2E2FA}.Release|Any CPU.Build.0 = Release|iPhoneSimulator
		{D7F9011F-C629-4C38-A471-86EA75A2E2FA}.Debug|iPhoneSimulator.ActiveCfg = Debug|iPhoneSimulator
		{D7F9011F-C629-4C38-A471-86EA75A2E2FA}.Debug|iPhoneSimulator.Build.0 = Debug|iPhoneSimulator
		{D7F9011F-C629-4C38-A471-86EA75A2E2FA}.Release|iPhoneSimulator.ActiveCfg = Release|iPhoneSimulator
		{D7F9011F-C629-4C38-A471-86EA75A2E2FA}.Release|iPhoneSimulator.Build.0 = Release|iPhoneSimulator
		{D7F9011F-C629-4C38-A471-86EA75A2E2FA}.Debug|iPhone.ActiveCfg = Debug|iPhone
		{D7F9011F-C629-4C38-A471-86EA75A2E2FA}.Debug|iPhone.Build.0 = Debug|iPhone
		{D7F9011F-C629-4C38-A471-86EA75A2E2FA}.Release|iPhone.ActiveCfg = Release|iPhone
		{D7F9011F-C629-4C38-A471-86EA75A2E2FA}.Release|iPhone.Build.0 = Release|iPhone
		{2911BB2C-9594-4C82-B008-43296BFF1FF7}.Debug|Any CPU.ActiveCfg = Debug|Any CPU
		{2911BB2C-9594-4C82-B008-43296BFF1FF7}.Debug|Any CPU.Build.0 = Debug|Any CPU
		{2911BB2C-9594-4C82-B008-43296BFF1FF7}.Release|Any CPU.ActiveCfg = Release|Any CPU
		{2911BB2C-9594-4C82-B008-43296BFF1FF7}.Release|Any CPU.Build.0 = Release|Any CPU
		{2911BB2C-9594-4C82-B008-43296BFF1FF7}.Debug|iPhoneSimulator.ActiveCfg = Debug|Any CPU
		{2911BB2C-9594-4C82-B008-43296BFF1FF7}.Debug|iPhoneSimulator.Build.0 = Debug|Any CPU
		{2911BB2C-9594-4C82-B008-43296BFF1FF7}.Release|iPhoneSimulator.ActiveCfg = Release|Any CPU
		{2911BB2C-9594-4C82-B008-43296BFF1FF7}.Release|iPhoneSimulator.Build.0 = Release|Any CPU
		{2911BB2C-9594-4C82-B008-43296BFF1FF7}.Debug|iPhone.ActiveCfg = Debug|Any CPU
		{2911BB2C-9594-4C82-B008-43296BFF1FF7}.Debug|iPhone.Build.0 = Debug|Any CPU
		{2911BB2C-9594-4C82-B008-43296BFF1FF7}.Release|iPhone.ActiveCfg = Release|Any CPU
		{2911BB2C-9594-4C82-B008-43296BFF1FF7}.Release|iPhone.Build.0 = Release|Any CPU
		{14606831-1E7D-4322-8054-DA7792B51FFB}.Debug|Any CPU.ActiveCfg = Debug|Any CPU
		{14606831-1E7D-4322-8054-DA7792B51FFB}.Debug|Any CPU.Build.0 = Debug|Any CPU
		{14606831-1E7D-4322-8054-DA7792B51FFB}.Release|Any CPU.ActiveCfg = Release|Any CPU
		{14606831-1E7D-4322-8054-DA7792B51FFB}.Release|Any CPU.Build.0 = Release|Any CPU
		{14606831-1E7D-4322-8054-DA7792B51FFB}.Debug|iPhoneSimulator.ActiveCfg = Debug|Any CPU
		{14606831-1E7D-4322-8054-DA7792B51FFB}.Debug|iPhoneSimulator.Build.0 = Debug|Any CPU
		{14606831-1E7D-4322-8054-DA7792B51FFB}.Release|iPhoneSimulator.ActiveCfg = Release|Any CPU
		{14606831-1E7D-4322-8054-DA7792B51FFB}.Release|iPhoneSimulator.Build.0 = Release|Any CPU
		{14606831-1E7D-4322-8054-DA7792B51FFB}.Debug|iPhone.ActiveCfg = Debug|Any CPU
		{14606831-1E7D-4322-8054-DA7792B51FFB}.Debug|iPhone.Build.0 = Debug|Any CPU
		{14606831-1E7D-4322-8054-DA7792B51FFB}.Release|iPhone.ActiveCfg = Release|Any CPU
		{14606831-1E7D-4322-8054-DA7792B51FFB}.Release|iPhone.Build.0 = Release|Any CPU
	EndGlobalSection
EndGlobal
